// !$*UTF8*$!
{
	archiveVersion = 1;
	classes = {
	};
	objectVersion = 50;
	objects = {

/* Begin PBXBuildFile section */
		0FE0A27A2563797800D7F7F1 /* AppDelegate.swift in Sources */ = {isa = PBXBuildFile; fileRef = 0FE0A2792563797800D7F7F1 /* AppDelegate.swift */; };
		0FE0A27C2563797800D7F7F1 /* SceneDelegate.swift in Sources */ = {isa = PBXBuildFile; fileRef = 0FE0A27B2563797800D7F7F1 /* SceneDelegate.swift */; };
		0FE0A2812563797800D7F7F1 /* Main.storyboard in Resources */ = {isa = PBXBuildFile; fileRef = 0FE0A27F2563797800D7F7F1 /* Main.storyboard */; };
		0FE0A2832563797900D7F7F1 /* Assets.xcassets in Resources */ = {isa = PBXBuildFile; fileRef = 0FE0A2822563797900D7F7F1 /* Assets.xcassets */; };
		0FE0A2862563797900D7F7F1 /* LaunchScreen.storyboard in Resources */ = {isa = PBXBuildFile; fileRef = 0FE0A2842563797900D7F7F1 /* LaunchScreen.storyboard */; };
		0FE0A2912563797900D7F7F1 /* VoidMindTests.swift in Sources */ = {isa = PBXBuildFile; fileRef = 0FE0A2902563797900D7F7F1 /* VoidMindTests.swift */; };
		0FE0A29C2563797900D7F7F1 /* VoidMindUITests.swift in Sources */ = {isa = PBXBuildFile; fileRef = 0FE0A29B2563797900D7F7F1 /* VoidMindUITests.swift */; };
		0FE0A2C7256384E000D7F7F1 /* TodayPageViewController.swift in Sources */ = {isa = PBXBuildFile; fileRef = 0FE0A2C6256384E000D7F7F1 /* TodayPageViewController.swift */; };
/* End PBXBuildFile section */

/* Begin PBXContainerItemProxy section */
		0FE0A28D2563797900D7F7F1 /* PBXContainerItemProxy */ = {
			isa = PBXContainerItemProxy;
			containerPortal = 0FE0A26E2563797700D7F7F1 /* Project object */;
			proxyType = 1;
			remoteGlobalIDString = 0FE0A2752563797800D7F7F1;
			remoteInfo = VoidMind;
		};
		0FE0A2982563797900D7F7F1 /* PBXContainerItemProxy */ = {
			isa = PBXContainerItemProxy;
			containerPortal = 0FE0A26E2563797700D7F7F1 /* Project object */;
			proxyType = 1;
			remoteGlobalIDString = 0FE0A2752563797800D7F7F1;
			remoteInfo = VoidMind;
		};
/* End PBXContainerItemProxy section */

/* Begin PBXFileReference section */
		0FE0A2762563797800D7F7F1 /* VoidMind.app */ = {isa = PBXFileReference; explicitFileType = wrapper.application; includeInIndex = 0; path = VoidMind.app; sourceTree = BUILT_PRODUCTS_DIR; };
		0FE0A2792563797800D7F7F1 /* AppDelegate.swift */ = {isa = PBXFileReference; lastKnownFileType = sourcecode.swift; path = AppDelegate.swift; sourceTree = "<group>"; };
		0FE0A27B2563797800D7F7F1 /* SceneDelegate.swift */ = {isa = PBXFileReference; lastKnownFileType = sourcecode.swift; path = SceneDelegate.swift; sourceTree = "<group>"; };
		0FE0A2802563797800D7F7F1 /* Base */ = {isa = PBXFileReference; lastKnownFileType = file.storyboard; name = Base; path = Base.lproj/Main.storyboard; sourceTree = "<group>"; };
		0FE0A2822563797900D7F7F1 /* Assets.xcassets */ = {isa = PBXFileReference; lastKnownFileType = folder.assetcatalog; path = Assets.xcassets; sourceTree = "<group>"; };
		0FE0A2852563797900D7F7F1 /* Base */ = {isa = PBXFileReference; lastKnownFileType = file.storyboard; name = Base; path = Base.lproj/LaunchScreen.storyboard; sourceTree = "<group>"; };
		0FE0A2872563797900D7F7F1 /* Info.plist */ = {isa = PBXFileReference; lastKnownFileType = text.plist.xml; path = Info.plist; sourceTree = "<group>"; };
		0FE0A28C2563797900D7F7F1 /* VoidMindTests.xctest */ = {isa = PBXFileReference; explicitFileType = wrapper.cfbundle; includeInIndex = 0; path = VoidMindTests.xctest; sourceTree = BUILT_PRODUCTS_DIR; };
		0FE0A2902563797900D7F7F1 /* VoidMindTests.swift */ = {isa = PBXFileReference; lastKnownFileType = sourcecode.swift; path = VoidMindTests.swift; sourceTree = "<group>"; };
		0FE0A2922563797900D7F7F1 /* Info.plist */ = {isa = PBXFileReference; lastKnownFileType = text.plist.xml; path = Info.plist; sourceTree = "<group>"; };
		0FE0A2972563797900D7F7F1 /* VoidMindUITests.xctest */ = {isa = PBXFileReference; explicitFileType = wrapper.cfbundle; includeInIndex = 0; path = VoidMindUITests.xctest; sourceTree = BUILT_PRODUCTS_DIR; };
		0FE0A29B2563797900D7F7F1 /* VoidMindUITests.swift */ = {isa = PBXFileReference; lastKnownFileType = sourcecode.swift; path = VoidMindUITests.swift; sourceTree = "<group>"; };
		0FE0A29D2563797900D7F7F1 /* Info.plist */ = {isa = PBXFileReference; lastKnownFileType = text.plist.xml; path = Info.plist; sourceTree = "<group>"; };
		0FE0A2C6256384E000D7F7F1 /* TodayPageViewController.swift */ = {isa = PBXFileReference; lastKnownFileType = sourcecode.swift; path = TodayPageViewController.swift; sourceTree = "<group>"; };
/* End PBXFileReference section */

/* Begin PBXFrameworksBuildPhase section */
		0FE0A2732563797800D7F7F1 /* Frameworks */ = {
			isa = PBXFrameworksBuildPhase;
			buildActionMask = 2147483647;
			files = (
			);
			runOnlyForDeploymentPostprocessing = 0;
		};
		0FE0A2892563797900D7F7F1 /* Frameworks */ = {
			isa = PBXFrameworksBuildPhase;
			buildActionMask = 2147483647;
			files = (
			);
			runOnlyForDeploymentPostprocessing = 0;
		};
		0FE0A2942563797900D7F7F1 /* Frameworks */ = {
			isa = PBXFrameworksBuildPhase;
			buildActionMask = 2147483647;
			files = (
			);
			runOnlyForDeploymentPostprocessing = 0;
		};
/* End PBXFrameworksBuildPhase section */

/* Begin PBXGroup section */
		0FE0A26D2563797700D7F7F1 = {
			isa = PBXGroup;
			children = (
				0FE0A2782563797800D7F7F1 /* VoidMind */,
				0FE0A28F2563797900D7F7F1 /* VoidMindTests */,
				0FE0A29A2563797900D7F7F1 /* VoidMindUITests */,
				0FE0A2772563797800D7F7F1 /* Products */,
			);
			sourceTree = "<group>";
		};
		0FE0A2772563797800D7F7F1 /* Products */ = {
			isa = PBXGroup;
			children = (
				0FE0A2762563797800D7F7F1 /* VoidMind.app */,
				0FE0A28C2563797900D7F7F1 /* VoidMindTests.xctest */,
				0FE0A2972563797900D7F7F1 /* VoidMindUITests.xctest */,
			);
			name = Products;
			sourceTree = "<group>";
		};
		0FE0A2782563797800D7F7F1 /* VoidMind */ = {
			isa = PBXGroup;
			children = (
				0FE0A2792563797800D7F7F1 /* AppDelegate.swift */,
				0FE0A27B2563797800D7F7F1 /* SceneDelegate.swift */,
				0FE0A27F2563797800D7F7F1 /* Main.storyboard */,
				0FE0A2822563797900D7F7F1 /* Assets.xcassets */,
				0FE0A2842563797900D7F7F1 /* LaunchScreen.storyboard */,
				0FE0A2872563797900D7F7F1 /* Info.plist */,
				0FE0A2C6256384E000D7F7F1 /* TodayPageViewController.swift */,
			);
			path = VoidMind;
			sourceTree = "<group>";
		};
		0FE0A28F2563797900D7F7F1 /* VoidMindTests */ = {
			isa = PBXGroup;
			children = (
				0FE0A2902563797900D7F7F1 /* VoidMindTests.swift */,
				0FE0A2922563797900D7F7F1 /* Info.plist */,
			);
			path = VoidMindTests;
			sourceTree = "<group>";
		};
		0FE0A29A2563797900D7F7F1 /* VoidMindUITests */ = {
			isa = PBXGroup;
			children = (
				0FE0A29B2563797900D7F7F1 /* VoidMindUITests.swift */,
				0FE0A29D2563797900D7F7F1 /* Info.plist */,
			);
			path = VoidMindUITests;
			sourceTree = "<group>";
		};
/* End PBXGroup section */

/* Begin PBXNativeTarget section */
		0FE0A2752563797800D7F7F1 /* VoidMind */ = {
			isa = PBXNativeTarget;
			buildConfigurationList = 0FE0A2A02563797900D7F7F1 /* Build configuration list for PBXNativeTarget "VoidMind" */;
			buildPhases = (
				0FE0A2722563797800D7F7F1 /* Sources */,
				0FE0A2732563797800D7F7F1 /* Frameworks */,
				0FE0A2742563797800D7F7F1 /* Resources */,
			);
			buildRules = (
			);
			dependencies = (
			);
			name = VoidMind;
			productName = VoidMind;
			productReference = 0FE0A2762563797800D7F7F1 /* VoidMind.app */;
			productType = "com.apple.product-type.application";
		};
		0FE0A28B2563797900D7F7F1 /* VoidMindTests */ = {
			isa = PBXNativeTarget;
			buildConfigurationList = 0FE0A2A32563797900D7F7F1 /* Build configuration list for PBXNativeTarget "VoidMindTests" */;
			buildPhases = (
				0FE0A2882563797900D7F7F1 /* Sources */,
				0FE0A2892563797900D7F7F1 /* Frameworks */,
				0FE0A28A2563797900D7F7F1 /* Resources */,
			);
			buildRules = (
			);
			dependencies = (
				0FE0A28E2563797900D7F7F1 /* PBXTargetDependency */,
			);
			name = VoidMindTests;
			productName = VoidMindTests;
			productReference = 0FE0A28C2563797900D7F7F1 /* VoidMindTests.xctest */;
			productType = "com.apple.product-type.bundle.unit-test";
		};
		0FE0A2962563797900D7F7F1 /* VoidMindUITests */ = {
			isa = PBXNativeTarget;
			buildConfigurationList = 0FE0A2A62563797900D7F7F1 /* Build configuration list for PBXNativeTarget "VoidMindUITests" */;
			buildPhases = (
				0FE0A2932563797900D7F7F1 /* Sources */,
				0FE0A2942563797900D7F7F1 /* Frameworks */,
				0FE0A2952563797900D7F7F1 /* Resources */,
			);
			buildRules = (
			);
			dependencies = (
				0FE0A2992563797900D7F7F1 /* PBXTargetDependency */,
			);
			name = VoidMindUITests;
			productName = VoidMindUITests;
			productReference = 0FE0A2972563797900D7F7F1 /* VoidMindUITests.xctest */;
			productType = "com.apple.product-type.bundle.ui-testing";
		};
/* End PBXNativeTarget section */

/* Begin PBXProject section */
		0FE0A26E2563797700D7F7F1 /* Project object */ = {
			isa = PBXProject;
			attributes = {
				LastSwiftUpdateCheck = 1220;
				LastUpgradeCheck = 1220;
				TargetAttributes = {
					0FE0A2752563797800D7F7F1 = {
						CreatedOnToolsVersion = 12.2;
					};
					0FE0A28B2563797900D7F7F1 = {
						CreatedOnToolsVersion = 12.2;
						TestTargetID = 0FE0A2752563797800D7F7F1;
					};
					0FE0A2962563797900D7F7F1 = {
						CreatedOnToolsVersion = 12.2;
						TestTargetID = 0FE0A2752563797800D7F7F1;
					};
				};
			};
			buildConfigurationList = 0FE0A2712563797700D7F7F1 /* Build configuration list for PBXProject "VoidMind" */;
			compatibilityVersion = "Xcode 9.3";
			developmentRegion = en;
			hasScannedForEncodings = 0;
			knownRegions = (
				en,
				Base,
			);
			mainGroup = 0FE0A26D2563797700D7F7F1;
			productRefGroup = 0FE0A2772563797800D7F7F1 /* Products */;
			projectDirPath = "";
			projectRoot = "";
			targets = (
				0FE0A2752563797800D7F7F1 /* VoidMind */,
				0FE0A28B2563797900D7F7F1 /* VoidMindTests */,
				0FE0A2962563797900D7F7F1 /* VoidMindUITests */,
			);
		};
/* End PBXProject section */

/* Begin PBXResourcesBuildPhase section */
		0FE0A2742563797800D7F7F1 /* Resources */ = {
			isa = PBXResourcesBuildPhase;
			buildActionMask = 2147483647;
			files = (
				0FE0A2862563797900D7F7F1 /* LaunchScreen.storyboard in Resources */,
				0FE0A2832563797900D7F7F1 /* Assets.xcassets in Resources */,
				0FE0A2812563797800D7F7F1 /* Main.storyboard in Resources */,
			);
			runOnlyForDeploymentPostprocessing = 0;
		};
		0FE0A28A2563797900D7F7F1 /* Resources */ = {
			isa = PBXResourcesBuildPhase;
			buildActionMask = 2147483647;
			files = (
			);
			runOnlyForDeploymentPostprocessing = 0;
		};
		0FE0A2952563797900D7F7F1 /* Resources */ = {
			isa = PBXResourcesBuildPhase;
			buildActionMask = 2147483647;
			files = (
			);
			runOnlyForDeploymentPostprocessing = 0;
		};
/* End PBXResourcesBuildPhase section */

/* Begin PBXSourcesBuildPhase section */
		0FE0A2722563797800D7F7F1 /* Sources */ = {
			isa = PBXSourcesBuildPhase;
			buildActionMask = 2147483647;
			files = (
				0FE0A2C7256384E000D7F7F1 /* TodayPageViewController.swift in Sources */,
				0FE0A27A2563797800D7F7F1 /* AppDelegate.swift in Sources */,
				0FE0A27C2563797800D7F7F1 /* SceneDelegate.swift in Sources */,
			);
			runOnlyForDeploymentPostprocessing = 0;
		};
		0FE0A2882563797900D7F7F1 /* Sources */ = {
			isa = PBXSourcesBuildPhase;
			buildActionMask = 2147483647;
			files = (
				0FE0A2912563797900D7F7F1 /* VoidMindTests.swift in Sources */,
			);
			runOnlyForDeploymentPostprocessing = 0;
		};
		0FE0A2932563797900D7F7F1 /* Sources */ = {
			isa = PBXSourcesBuildPhase;
			buildActionMask = 2147483647;
			files = (
				0FE0A29C2563797900D7F7F1 /* VoidMindUITests.swift in Sources */,
			);
			runOnlyForDeploymentPostprocessing = 0;
		};
/* End PBXSourcesBuildPhase section */

/* Begin PBXTargetDependency section */
		0FE0A28E2563797900D7F7F1 /* PBXTargetDependency */ = {
			isa = PBXTargetDependency;
			target = 0FE0A2752563797800D7F7F1 /* VoidMind */;
			targetProxy = 0FE0A28D2563797900D7F7F1 /* PBXContainerItemProxy */;
		};
		0FE0A2992563797900D7F7F1 /* PBXTargetDependency */ = {
			isa = PBXTargetDependency;
			target = 0FE0A2752563797800D7F7F1 /* VoidMind */;
			targetProxy = 0FE0A2982563797900D7F7F1 /* PBXContainerItemProxy */;
		};
/* End PBXTargetDependency section */

/* Begin PBXVariantGroup section */
		0FE0A27F2563797800D7F7F1 /* Main.storyboard */ = {
			isa = PBXVariantGroup;
			children = (
				0FE0A2802563797800D7F7F1 /* Base */,
			);
			name = Main.storyboard;
			sourceTree = "<group>";
		};
		0FE0A2842563797900D7F7F1 /* LaunchScreen.storyboard */ = {
			isa = PBXVariantGroup;
			children = (
				0FE0A2852563797900D7F7F1 /* Base */,
			);
			name = LaunchScreen.storyboard;
			sourceTree = "<group>";
		};
/* End PBXVariantGroup section */

/* Begin XCBuildConfiguration section */
		0FE0A29E2563797900D7F7F1 /* Debug */ = {
			isa = XCBuildConfiguration;
			buildSettings = {
				ALWAYS_SEARCH_USER_PATHS = NO;
				CLANG_ANALYZER_NONNULL = YES;
				CLANG_ANALYZER_NUMBER_OBJECT_CONVERSION = YES_AGGRESSIVE;
				CLANG_CXX_LANGUAGE_STANDARD = "gnu++14";
				CLANG_CXX_LIBRARY = "libc++";
				CLANG_ENABLE_MODULES = YES;
				CLANG_ENABLE_OBJC_ARC = YES;
				CLANG_ENABLE_OBJC_WEAK = YES;
				CLANG_WARN_BLOCK_CAPTURE_AUTORELEASING = YES;
				CLANG_WARN_BOOL_CONVERSION = YES;
				CLANG_WARN_COMMA = YES;
				CLANG_WARN_CONSTANT_CONVERSION = YES;
				CLANG_WARN_DEPRECATED_OBJC_IMPLEMENTATIONS = YES;
				CLANG_WARN_DIRECT_OBJC_ISA_USAGE = YES_ERROR;
				CLANG_WARN_DOCUMENTATION_COMMENTS = YES;
				CLANG_WARN_EMPTY_BODY = YES;
				CLANG_WARN_ENUM_CONVERSION = YES;
				CLANG_WARN_INFINITE_RECURSION = YES;
				CLANG_WARN_INT_CONVERSION = YES;
				CLANG_WARN_NON_LITERAL_NULL_CONVERSION = YES;
				CLANG_WARN_OBJC_IMPLICIT_RETAIN_SELF = YES;
				CLANG_WARN_OBJC_LITERAL_CONVERSION = YES;
				CLANG_WARN_OBJC_ROOT_CLASS = YES_ERROR;
				CLANG_WARN_QUOTED_INCLUDE_IN_FRAMEWORK_HEADER = YES;
				CLANG_WARN_RANGE_LOOP_ANALYSIS = YES;
				CLANG_WARN_STRICT_PROTOTYPES = YES;
				CLANG_WARN_SUSPICIOUS_MOVE = YES;
				CLANG_WARN_UNGUARDED_AVAILABILITY = YES_AGGRESSIVE;
				CLANG_WARN_UNREACHABLE_CODE = YES;
				CLANG_WARN__DUPLICATE_METHOD_MATCH = YES;
				COPY_PHASE_STRIP = NO;
				DEBUG_INFORMATION_FORMAT = dwarf;
				ENABLE_STRICT_OBJC_MSGSEND = YES;
				ENABLE_TESTABILITY = YES;
				GCC_C_LANGUAGE_STANDARD = gnu11;
				GCC_DYNAMIC_NO_PIC = NO;
				GCC_NO_COMMON_BLOCKS = YES;
				GCC_OPTIMIZATION_LEVEL = 0;
				GCC_PREPROCESSOR_DEFINITIONS = (
					"DEBUG=1",
					"$(inherited)",
				);
				GCC_WARN_64_TO_32_BIT_CONVERSION = YES;
				GCC_WARN_ABOUT_RETURN_TYPE = YES_ERROR;
				GCC_WARN_UNDECLARED_SELECTOR = YES;
				GCC_WARN_UNINITIALIZED_AUTOS = YES_AGGRESSIVE;
				GCC_WARN_UNUSED_FUNCTION = YES;
				GCC_WARN_UNUSED_VARIABLE = YES;
				IPHONEOS_DEPLOYMENT_TARGET = 14.2;
				MTL_ENABLE_DEBUG_INFO = INCLUDE_SOURCE;
				MTL_FAST_MATH = YES;
				ONLY_ACTIVE_ARCH = YES;
				SDKROOT = iphoneos;
				SWIFT_ACTIVE_COMPILATION_CONDITIONS = DEBUG;
				SWIFT_OPTIMIZATION_LEVEL = "-Onone";
			};
			name = Debug;
		};
		0FE0A29F2563797900D7F7F1 /* Release */ = {
			isa = XCBuildConfiguration;
			buildSettings = {
				ALWAYS_SEARCH_USER_PATHS = NO;
				CLANG_ANALYZER_NONNULL = YES;
				CLANG_ANALYZER_NUMBER_OBJECT_CONVERSION = YES_AGGRESSIVE;
				CLANG_CXX_LANGUAGE_STANDARD = "gnu++14";
				CLANG_CXX_LIBRARY = "libc++";
				CLANG_ENABLE_MODULES = YES;
				CLANG_ENABLE_OBJC_ARC = YES;
				CLANG_ENABLE_OBJC_WEAK = YES;
				CLANG_WARN_BLOCK_CAPTURE_AUTORELEASING = YES;
				CLANG_WARN_BOOL_CONVERSION = YES;
				CLANG_WARN_COMMA = YES;
				CLANG_WARN_CONSTANT_CONVERSION = YES;
				CLANG_WARN_DEPRECATED_OBJC_IMPLEMENTATIONS = YES;
				CLANG_WARN_DIRECT_OBJC_ISA_USAGE = YES_ERROR;
				CLANG_WARN_DOCUMENTATION_COMMENTS = YES;
				CLANG_WARN_EMPTY_BODY = YES;
				CLANG_WARN_ENUM_CONVERSION = YES;
				CLANG_WARN_INFINITE_RECURSION = YES;
				CLANG_WARN_INT_CONVERSION = YES;
				CLANG_WARN_NON_LITERAL_NULL_CONVERSION = YES;
				CLANG_WARN_OBJC_IMPLICIT_RETAIN_SELF = YES;
				CLANG_WARN_OBJC_LITERAL_CONVERSION = YES;
				CLANG_WARN_OBJC_ROOT_CLASS = YES_ERROR;
				CLANG_WARN_QUOTED_INCLUDE_IN_FRAMEWORK_HEADER = YES;
				CLANG_WARN_RANGE_LOOP_ANALYSIS = YES;
				CLANG_WARN_STRICT_PROTOTYPES = YES;
				CLANG_WARN_SUSPICIOUS_MOVE = YES;
				CLANG_WARN_UNGUARDED_AVAILABILITY = YES_AGGRESSIVE;
				CLANG_WARN_UNREACHABLE_CODE = YES;
				CLANG_WARN__DUPLICATE_METHOD_MATCH = YES;
				COPY_PHASE_STRIP = NO;
				DEBUG_INFORMATION_FORMAT = "dwarf-with-dsym";
				ENABLE_NS_ASSERTIONS = NO;
				ENABLE_STRICT_OBJC_MSGSEND = YES;
				GCC_C_LANGUAGE_STANDARD = gnu11;
				GCC_NO_COMMON_BLOCKS = YES;
				GCC_WARN_64_TO_32_BIT_CONVERSION = YES;
				GCC_WARN_ABOUT_RETURN_TYPE = YES_ERROR;
				GCC_WARN_UNDECLARED_SELECTOR = YES;
				GCC_WARN_UNINITIALIZED_AUTOS = YES_AGGRESSIVE;
				GCC_WARN_UNUSED_FUNCTION = YES;
				GCC_WARN_UNUSED_VARIABLE = YES;
				IPHONEOS_DEPLOYMENT_TARGET = 14.2;
				MTL_ENABLE_DEBUG_INFO = NO;
				MTL_FAST_MATH = YES;
				SDKROOT = iphoneos;
				SWIFT_COMPILATION_MODE = wholemodule;
				SWIFT_OPTIMIZATION_LEVEL = "-O";
				VALIDATE_PRODUCT = YES;
			};
			name = Release;
		};
		0FE0A2A12563797900D7F7F1 /* Debug */ = {
			isa = XCBuildConfiguration;
			buildSettings = {
				ASSETCATALOG_COMPILER_APPICON_NAME = AppIcon;
				ASSETCATALOG_COMPILER_GLOBAL_ACCENT_COLOR_NAME = AccentColor;
				CODE_SIGN_STYLE = Automatic;
				DEVELOPMENT_TEAM = 7RXKQ7D6Z8;
				INFOPLIST_FILE = VoidMind/Info.plist;
				LD_RUNPATH_SEARCH_PATHS = (
					"$(inherited)",
					"@executable_path/Frameworks",
				);
				PRODUCT_BUNDLE_IDENTIFIER = ziyaostudio.VoidMind;
				PRODUCT_NAME = "$(TARGET_NAME)";
				SWIFT_VERSION = 5.0;
				TARGETED_DEVICE_FAMILY = "1,2";
			};
			name = Debug;
		};
		0FE0A2A22563797900D7F7F1 /* Release */ = {
			isa = XCBuildConfiguration;
			buildSettings = {
				ASSETCATALOG_COMPILER_APPICON_NAME = AppIcon;
				ASSETCATALOG_COMPILER_GLOBAL_ACCENT_COLOR_NAME = AccentColor;
				CODE_SIGN_STYLE = Automatic;
				DEVELOPMENT_TEAM = 7RXKQ7D6Z8;
				INFOPLIST_FILE = VoidMind/Info.plist;
				LD_RUNPATH_SEARCH_PATHS = (
					"$(inherited)",
					"@executable_path/Frameworks",
				);
				PRODUCT_BUNDLE_IDENTIFIER = ziyaostudio.VoidMind;
				PRODUCT_NAME = "$(TARGET_NAME)";
				SWIFT_VERSION = 5.0;
				TARGETED_DEVICE_FAMILY = "1,2";
			};
			name = Release;
		};
		0FE0A2A42563797900D7F7F1 /* Debug */ = {
			isa = XCBuildConfiguration;
			buildSettings = {
				ALWAYS_EMBED_SWIFT_STANDARD_LIBRARIES = YES;
				BUNDLE_LOADER = "$(TEST_HOST)";
				CODE_SIGN_STYLE = Automatic;
				DEVELOPMENT_TEAM = 7RXKQ7D6Z8;
				INFOPLIST_FILE = VoidMindTests/Info.plist;
				IPHONEOS_DEPLOYMENT_TARGET = 14.2;
				LD_RUNPATH_SEARCH_PATHS = (
					"$(inherited)",
					"@executable_path/Frameworks",
					"@loader_path/Frameworks",
				);
				PRODUCT_BUNDLE_IDENTIFIER = ziyaostudio.VoidMindTests;
				PRODUCT_NAME = "$(TARGET_NAME)";
				SWIFT_VERSION = 5.0;
				TARGETED_DEVICE_FAMILY = "1,2";
				TEST_HOST = "$(BUILT_PRODUCTS_DIR)/VoidMind.app/VoidMind";
			};
			name = Debug;
		};
		0FE0A2A52563797900D7F7F1 /* Release */ = {
			isa = XCBuildConfiguration;
			buildSettings = {
				ALWAYS_EMBED_SWIFT_STANDARD_LIBRARIES = YES;
				BUNDLE_LOADER = "$(TEST_HOST)";
				CODE_SIGN_STYLE = Automatic;
				DEVELOPMENT_TEAM = 7RXKQ7D6Z8;
				INFOPLIST_FILE = VoidMindTests/Info.plist;
				IPHONEOS_DEPLOYMENT_TARGET = 14.2;
				LD_RUNPATH_SEARCH_PATHS = (
					"$(inherited)",
					"@executable_path/Frameworks",
					"@loader_path/Frameworks",
				);
				PRODUCT_BUNDLE_IDENTIFIER = ziyaostudio.VoidMindTests;
				PRODUCT_NAME = "$(TARGET_NAME)";
				SWIFT_VERSION = 5.0;
				TARGETED_DEVICE_FAMILY = "1,2";
				TEST_HOST = "$(BUILT_PRODUCTS_DIR)/VoidMind.app/VoidMind";
			};
			name = Release;
		};
		0FE0A2A72563797900D7F7F1 /* Debug */ = {
			isa = XCBuildConfiguration;
			buildSettings = {
				ALWAYS_EMBED_SWIFT_STANDARD_LIBRARIES = YES;
				CODE_SIGN_STYLE = Automatic;
				DEVELOPMENT_TEAM = 7RXKQ7D6Z8;
				INFOPLIST_FILE = VoidMindUITests/Info.plist;
				LD_RUNPATH_SEARCH_PATHS = (
					"$(inherited)",
					"@executable_path/Frameworks",
					"@loader_path/Frameworks",
				);
				PRODUCT_BUNDLE_IDENTIFIER = ziyaostudio.VoidMindUITests;
				PRODUCT_NAME = "$(TARGET_NAME)";
				SWIFT_VERSION = 5.0;
				TARGETED_DEVICE_FAMILY = "1,2";
				TEST_TARGET_NAME = VoidMind;
			};
			name = Debug;
		};
		0FE0A2A82563797900D7F7F1 /* Release */ = {
			isa = XCBuildConfiguration;
			buildSettings = {
				ALWAYS_EMBED_SWIFT_STANDARD_LIBRARIES = YES;
				CODE_SIGN_STYLE = Automatic;
				DEVELOPMENT_TEAM = 7RXKQ7D6Z8;
				INFOPLIST_FILE = VoidMindUITests/Info.plist;
				LD_RUNPATH_SEARCH_PATHS = (
					"$(inherited)",
					"@executable_path/Frameworks",
					"@loader_path/Frameworks",
				);
				PRODUCT_BUNDLE_IDENTIFIER = ziyaostudio.VoidMindUITests;
				PRODUCT_NAME = "$(TARGET_NAME)";
				SWIFT_VERSION = 5.0;
				TARGETED_DEVICE_FAMILY = "1,2";
				TEST_TARGET_NAME = VoidMind;
			};
			name = Release;
		};
/* End XCBuildConfiguration section */

/* Begin XCConfigurationList section */
		0FE0A2712563797700D7F7F1 /* Build configuration list for PBXProject "VoidMind" */ = {
			isa = XCConfigurationList;
			buildConfigurations = (
				0FE0A29E2563797900D7F7F1 /* Debug */,
				0FE0A29F2563797900D7F7F1 /* Release */,
			);
			defaultConfigurationIsVisible = 0;
			defaultConfigurationName = Release;
		};
		0FE0A2A02563797900D7F7F1 /* Build configuration list for PBXNativeTarget "VoidMind" */ = {
			isa = XCConfigurationList;
			buildConfigurations = (
				0FE0A2A12563797900D7F7F1 /* Debug */,
				0FE0A2A22563797900D7F7F1 /* Release */,
			);
			defaultConfigurationIsVisible = 0;
			defaultConfigurationName = Release;
		};
		0FE0A2A32563797900D7F7F1 /* Build configuration list for PBXNativeTarget "VoidMindTests" */ = {
			isa = XCConfigurationList;
			buildConfigurations = (
				0FE0A2A42563797900D7F7F1 /* Debug */,
				0FE0A2A52563797900D7F7F1 /* Release */,
			);
			defaultConfigurationIsVisible = 0;
			defaultConfigurationName = Release;
		};
		0FE0A2A62563797900D7F7F1 /* Build configuration list for PBXNativeTarget "VoidMindUITests" */ = {
			isa = XCConfigurationList;
			buildConfigurations = (
				0FE0A2A72563797900D7F7F1 /* Debug */,
				0FE0A2A82563797900D7F7F1 /* Release */,
			);
			defaultConfigurationIsVisible = 0;
			defaultConfigurationName = Release;
		};
/* End XCConfigurationList section */
	};
	rootObject = 0FE0A26E2563797700D7F7F1 /* Project object */;
}
